
Microsoft Visual Studio Solution File, Format Version 12.00
# Visual Studio 15
VisualStudioVersion = 15.0.27130.2020
MinimumVisualStudioVersion = 10.0.40219.1
Project("{FAE04EC0-301F-11D3-BF4B-00C04F79EFBC}") = "BlackBot", "BlackBot\BlackBot.csproj", "{282F6D34-40F4-41A7-8AA0-09DD02046BAA}"
EndProject
Global
	GlobalSection(SolutionConfigurationPlatforms) = preSolution
		Debug|Any CPU = Debug|Any CPU
		Release|Any CPU = Release|Any CPU
	EndGlobalSection
	GlobalSection(ProjectConfigurationPlatforms) = postSolution
		{282F6D34-40F4-41A7-8AA0-09DD02046BAA}.Debug|Any CPU.ActiveCfg = Debug|Any CPU
		{282F6D34-40F4-41A7-8AA0-09DD02046BAA}.Debug|Any CPU.Build.0 = Debug|Any CPU
		{282F6D34-40F4-41A7-8AA0-09DD02046BAA}.Release|Any CPU.ActiveCfg = Release|Any CPU
		{282F6D34-40F4-41A7-8AA0-09DD02046BAA}.Release|Any CPU.Build.0 = Release|Any CPU
	EndGlobalSection
	GlobalSection(SolutionProperties) = preSolution
		HideSolutionNode = FALSE
	EndGlobalSection
	GlobalSection(ExtensibilityGlobals) = postSolution
		SolutionGuid = {18AA31C1-EABF-4E97-B717-F7AE57817159}
	EndGlobalSection
EndGlobal
